
Microsoft Visual Studio Solution File, Format Version 12.00
# Visual Studio Version 16
VisualStudioVersion = 16.0.31112.23
MinimumVisualStudioVersion = 10.0.40219.1
Project("{FAE04EC0-301F-11D3-BF4B-00C04F79EFBC}") = "Exercise3", "Exercise3\Exercise3.csproj", "{65A2D8BC-1EF9-45A6-AFF2-F644B7F46822}"
EndProject
Project("{2150E333-8FDC-42A3-9474-1A3956D46DE8}") = "Chap01", "Chap01", "{D6798092-ECE0-4758-9E4F-103619169C34}"
EndProject
Project("{2150E333-8FDC-42A3-9474-1A3956D46DE8}") = "Chap02", "Chap02", "{15BDD770-D86E-40E3-BC48-C545183F5E5D}"
EndProject
Project("{FAE04EC0-301F-11D3-BF4B-00C04F79EFBC}") = "Exercise2_1", "Exercise1\Exercise2_1.csproj", "{558EE5D3-D54F-41A1-8764-D730E1DE5386}"
EndProject
Project("{FAE04EC0-301F-11D3-BF4B-00C04F79EFBC}") = "Exercise2_2", "Exercise2_2\Exercise2_2.csproj", "{A284541F-2CCD-48B1-B940-C1BCDD642EC5}"
EndProject
Project("{FAE04EC0-301F-11D3-BF4B-00C04F79EFBC}") = "Exercise2_3", "Exercise2_3\Exercise2_3.csproj", "{F3E8BD72-49C6-41C6-B32D-4EAE50E67B34}"
EndProject
Project("{2150E333-8FDC-42A3-9474-1A3956D46DE8}") = "Chap03", "Chap03", "{E468A73C-ED17-4CB1-9104-02024EB9D3D6}"
EndProject
Project("{FAE04EC0-301F-11D3-BF4B-00C04F79EFBC}") = "Exercise3_1", "Exercise3_1\Exercise3_1.csproj", "{06511243-8CC8-406F-B3F6-9C8064D555E8}"
EndProject
Project("{FAE04EC0-301F-11D3-BF4B-00C04F79EFBC}") = "Exercise3_2", "Exercise3_2\Exercise3_2.csproj", "{DBF3CF07-8589-40BF-898A-26BA1E88DCAB}"
EndProject
Project("{2150E333-8FDC-42A3-9474-1A3956D46DE8}") = "Chap04", "Chap04", "{785487AF-6159-4BB9-8F62-4EF436DB35A0}"
EndProject
Project("{FAE04EC0-301F-11D3-BF4B-00C04F79EFBC}") = "Exercise4_1", "Exercise4_1\Exercise4_1.csproj", "{A8A1EA76-0C13-45D8-BD5D-01E530B0AE2A}"
EndProject
Project("{FAE04EC0-301F-11D3-BF4B-00C04F79EFBC}") = "Exercise4_2", "Exercise4_2\Exercise4_2.csproj", "{75950458-9705-440E-A166-B26F2150D346}"
EndProject
Project("{2150E333-8FDC-42A3-9474-1A3956D46DE8}") = "Chap05", "Chap05", "{929B2E79-8827-4973-80C3-458929641C34}"
EndProject
Project("{FAE04EC0-301F-11D3-BF4B-00C04F79EFBC}") = "Exercise5_1", "Exercise5_1\Exercise5_1.csproj", "{035EB0EB-A29B-4D0E-AFC6-487305FD7CF9}"
EndProject
Project("{FAE04EC0-301F-11D3-BF4B-00C04F79EFBC}") = "Exercise5_2", "Exercise5_2\Exercise5_2.csproj", "{470618B7-78D2-45E2-BFB6-AD297C3D8C6A}"
EndProject
Project("{FAE04EC0-301F-11D3-BF4B-00C04F79EFBC}") = "Exercise5_3", "Exercise5_3\Exercise5_3.csproj", "{510D28ED-4C04-40D7-9C86-2504559055B6}"
EndProject
Project("{FAE04EC0-301F-11D3-BF4B-00C04F79EFBC}") = "Exercise5_4", "Exercise5_4\Exercise5_4.csproj", "{79161BE7-716D-435F-97B6-B3D8EBF329DF}"
EndProject
Project("{2150E333-8FDC-42A3-9474-1A3956D46DE8}") = "Chap06", "Chap06", "{4E8A2E8E-1F0C-42F7-8CC7-F74643640CB1}"
EndProject
Project("{FAE04EC0-301F-11D3-BF4B-00C04F79EFBC}") = "Exercise6_1", "Exercise6_1\Exercise6_1.csproj", "{54305FC4-A184-47CC-A460-87D30DB306B9}"
EndProject
Project("{FAE04EC0-301F-11D3-BF4B-00C04F79EFBC}") = "Exercise6_2", "Exercise6_2\Exercise6_2.csproj", "{DA89D3FB-A386-4A19-B927-8CE8FFE44CD3}"
EndProject
Project("{2150E333-8FDC-42A3-9474-1A3956D46DE8}") = "Chap07", "Chap07", "{A3BDA4C7-EEB1-4872-8F9A-3B5454E8365C}"
EndProject
Project("{FAE04EC0-301F-11D3-BF4B-00C04F79EFBC}") = "Exercise7_1", "Exercise7_1\Exercise7_1.csproj", "{F5C171AA-B249-4281-A612-3EBE3E2BC3F6}"
EndProject
Global
	GlobalSection(SolutionConfigurationPlatforms) = preSolution
		Debug|Any CPU = Debug|Any CPU
		Release|Any CPU = Release|Any CPU
	EndGlobalSection
	GlobalSection(ProjectConfigurationPlatforms) = postSolution
		{65A2D8BC-1EF9-45A6-AFF2-F644B7F46822}.Debug|Any CPU.ActiveCfg = Debug|Any CPU
		{65A2D8BC-1EF9-45A6-AFF2-F644B7F46822}.Debug|Any CPU.Build.0 = Debug|Any CPU
		{65A2D8BC-1EF9-45A6-AFF2-F644B7F46822}.Release|Any CPU.ActiveCfg = Release|Any CPU
		{65A2D8BC-1EF9-45A6-AFF2-F644B7F46822}.Release|Any CPU.Build.0 = Release|Any CPU
		{558EE5D3-D54F-41A1-8764-D730E1DE5386}.Debug|Any CPU.ActiveCfg = Debug|Any CPU
		{558EE5D3-D54F-41A1-8764-D730E1DE5386}.Debug|Any CPU.Build.0 = Debug|Any CPU
		{558EE5D3-D54F-41A1-8764-D730E1DE5386}.Release|Any CPU.ActiveCfg = Release|Any CPU
		{558EE5D3-D54F-41A1-8764-D730E1DE5386}.Release|Any CPU.Build.0 = Release|Any CPU
		{A284541F-2CCD-48B1-B940-C1BCDD642EC5}.Debug|Any CPU.ActiveCfg = Debug|Any CPU
		{A284541F-2CCD-48B1-B940-C1BCDD642EC5}.Debug|Any CPU.Build.0 = Debug|Any CPU
		{A284541F-2CCD-48B1-B940-C1BCDD642EC5}.Release|Any CPU.ActiveCfg = Release|Any CPU
		{A284541F-2CCD-48B1-B940-C1BCDD642EC5}.Release|Any CPU.Build.0 = Release|Any CPU
		{F3E8BD72-49C6-41C6-B32D-4EAE50E67B34}.Debug|Any CPU.ActiveCfg = Debug|Any CPU
		{F3E8BD72-49C6-41C6-B32D-4EAE50E67B34}.Debug|Any CPU.Build.0 = Debug|Any CPU
		{F3E8BD72-49C6-41C6-B32D-4EAE50E67B34}.Release|Any CPU.ActiveCfg = Release|Any CPU
		{F3E8BD72-49C6-41C6-B32D-4EAE50E67B34}.Release|Any CPU.Build.0 = Release|Any CPU
		{06511243-8CC8-406F-B3F6-9C8064D555E8}.Debug|Any CPU.ActiveCfg = Debug|Any CPU
		{06511243-8CC8-406F-B3F6-9C8064D555E8}.Debug|Any CPU.Build.0 = Debug|Any CPU
		{06511243-8CC8-406F-B3F6-9C8064D555E8}.Release|Any CPU.ActiveCfg = Release|Any CPU
		{06511243-8CC8-406F-B3F6-9C8064D555E8}.Release|Any CPU.Build.0 = Release|Any CPU
		{DBF3CF07-8589-40BF-898A-26BA1E88DCAB}.Debug|Any CPU.ActiveCfg = Debug|Any CPU
		{DBF3CF07-8589-40BF-898A-26BA1E88DCAB}.Debug|Any CPU.Build.0 = Debug|Any CPU
		{DBF3CF07-8589-40BF-898A-26BA1E88DCAB}.Release|Any CPU.ActiveCfg = Release|Any CPU
		{DBF3CF07-8589-40BF-898A-26BA1E88DCAB}.Release|Any CPU.Build.0 = Release|Any CPU
		{A8A1EA76-0C13-45D8-BD5D-01E530B0AE2A}.Debug|Any CPU.ActiveCfg = Debug|Any CPU
		{A8A1EA76-0C13-45D8-BD5D-01E530B0AE2A}.Debug|Any CPU.Build.0 = Debug|Any CPU
		{A8A1EA76-0C13-45D8-BD5D-01E530B0AE2A}.Release|Any CPU.ActiveCfg = Release|Any CPU
		{A8A1EA76-0C13-45D8-BD5D-01E530B0AE2A}.Release|Any CPU.Build.0 = Release|Any CPU
		{75950458-9705-440E-A166-B26F2150D346}.Debug|Any CPU.ActiveCfg = Debug|Any CPU
		{75950458-9705-440E-A166-B26F2150D346}.Debug|Any CPU.Build.0 = Debug|Any CPU
		{75950458-9705-440E-A166-B26F2150D346}.Release|Any CPU.ActiveCfg = Release|Any CPU
		{75950458-9705-440E-A166-B26F2150D346}.Release|Any CPU.Build.0 = Release|Any CPU
		{035EB0EB-A29B-4D0E-AFC6-487305FD7CF9}.Debug|Any CPU.ActiveCfg = Debug|Any CPU
		{035EB0EB-A29B-4D0E-AFC6-487305FD7CF9}.Debug|Any CPU.Build.0 = Debug|Any CPU
		{035EB0EB-A29B-4D0E-AFC6-487305FD7CF9}.Release|Any CPU.ActiveCfg = Release|Any CPU
		{035EB0EB-A29B-4D0E-AFC6-487305FD7CF9}.Release|Any CPU.Build.0 = Release|Any CPU
		{470618B7-78D2-45E2-BFB6-AD297C3D8C6A}.Debug|Any CPU.ActiveCfg = Debug|Any CPU
		{470618B7-78D2-45E2-BFB6-AD297C3D8C6A}.Debug|Any CPU.Build.0 = Debug|Any CPU
		{470618B7-78D2-45E2-BFB6-AD297C3D8C6A}.Release|Any CPU.ActiveCfg = Release|Any CPU
		{470618B7-78D2-45E2-BFB6-AD297C3D8C6A}.Release|Any CPU.Build.0 = Release|Any CPU
		{510D28ED-4C04-40D7-9C86-2504559055B6}.Debug|Any CPU.ActiveCfg = Debug|Any CPU
		{510D28ED-4C04-40D7-9C86-2504559055B6}.Debug|Any CPU.Build.0 = Debug|Any CPU
		{510D28ED-4C04-40D7-9C86-2504559055B6}.Release|Any CPU.ActiveCfg = Release|Any CPU
		{510D28ED-4C04-40D7-9C86-2504559055B6}.Release|Any CPU.Build.0 = Release|Any CPU
		{79161BE7-716D-435F-97B6-B3D8EBF329DF}.Debug|Any CPU.ActiveCfg = Debug|Any CPU
		{79161BE7-716D-435F-97B6-B3D8EBF329DF}.Debug|Any CPU.Build.0 = Debug|Any CPU
		{79161BE7-716D-435F-97B6-B3D8EBF329DF}.Release|Any CPU.ActiveCfg = Release|Any CPU
		{79161BE7-716D-435F-97B6-B3D8EBF329DF}.Release|Any CPU.Build.0 = Release|Any CPU
		{54305FC4-A184-47CC-A460-87D30DB306B9}.Debug|Any CPU.ActiveCfg = Debug|Any CPU
		{54305FC4-A184-47CC-A460-87D30DB306B9}.Debug|Any CPU.Build.0 = Debug|Any CPU
		{54305FC4-A184-47CC-A460-87D30DB306B9}.Release|Any CPU.ActiveCfg = Release|Any CPU
		{54305FC4-A184-47CC-A460-87D30DB306B9}.Release|Any CPU.Build.0 = Release|Any CPU
		{DA89D3FB-A386-4A19-B927-8CE8FFE44CD3}.Debug|Any CPU.ActiveCfg = Debug|Any CPU
		{DA89D3FB-A386-4A19-B927-8CE8FFE44CD3}.Debug|Any CPU.Build.0 = Debug|Any CPU
		{DA89D3FB-A386-4A19-B927-8CE8FFE44CD3}.Release|Any CPU.ActiveCfg = Release|Any CPU
		{DA89D3FB-A386-4A19-B927-8CE8FFE44CD3}.Release|Any CPU.Build.0 = Release|Any CPU
		{F5C171AA-B249-4281-A612-3EBE3E2BC3F6}.Debug|Any CPU.ActiveCfg = Debug|Any CPU
		{F5C171AA-B249-4281-A612-3EBE3E2BC3F6}.Debug|Any CPU.Build.0 = Debug|Any CPU
		{F5C171AA-B249-4281-A612-3EBE3E2BC3F6}.Release|Any CPU.ActiveCfg = Release|Any CPU
		{F5C171AA-B249-4281-A612-3EBE3E2BC3F6}.Release|Any CPU.Build.0 = Release|Any CPU
	EndGlobalSection
	GlobalSection(SolutionProperties) = preSolution
		HideSolutionNode = FALSE
	EndGlobalSection
	GlobalSection(NestedProjects) = preSolution
		{65A2D8BC-1EF9-45A6-AFF2-F644B7F46822} = {D6798092-ECE0-4758-9E4F-103619169C34}
		{558EE5D3-D54F-41A1-8764-D730E1DE5386} = {15BDD770-D86E-40E3-BC48-C545183F5E5D}
		{A284541F-2CCD-48B1-B940-C1BCDD642EC5} = {15BDD770-D86E-40E3-BC48-C545183F5E5D}
		{F3E8BD72-49C6-41C6-B32D-4EAE50E67B34} = {15BDD770-D86E-40E3-BC48-C545183F5E5D}
		{06511243-8CC8-406F-B3F6-9C8064D555E8} = {E468A73C-ED17-4CB1-9104-02024EB9D3D6}
		{DBF3CF07-8589-40BF-898A-26BA1E88DCAB} = {E468A73C-ED17-4CB1-9104-02024EB9D3D6}
		{A8A1EA76-0C13-45D8-BD5D-01E530B0AE2A} = {785487AF-6159-4BB9-8F62-4EF436DB35A0}
		{75950458-9705-440E-A166-B26F2150D346} = {785487AF-6159-4BB9-8F62-4EF436DB35A0}
		{035EB0EB-A29B-4D0E-AFC6-487305FD7CF9} = {929B2E79-8827-4973-80C3-458929641C34}
		{470618B7-78D2-45E2-BFB6-AD297C3D8C6A} = {929B2E79-8827-4973-80C3-458929641C34}
		{510D28ED-4C04-40D7-9C86-2504559055B6} = {929B2E79-8827-4973-80C3-458929641C34}
		{79161BE7-716D-435F-97B6-B3D8EBF329DF} = {929B2E79-8827-4973-80C3-458929641C34}
		{54305FC4-A184-47CC-A460-87D30DB306B9} = {4E8A2E8E-1F0C-42F7-8CC7-F74643640CB1}
		{DA89D3FB-A386-4A19-B927-8CE8FFE44CD3} = {4E8A2E8E-1F0C-42F7-8CC7-F74643640CB1}
		{F5C171AA-B249-4281-A612-3EBE3E2BC3F6} = {A3BDA4C7-EEB1-4872-8F9A-3B5454E8365C}
	EndGlobalSection
	GlobalSection(ExtensibilityGlobals) = postSolution
		SolutionGuid = {88DE1C4B-6990-4DC1-9F92-D3CE489A1C43}
	EndGlobalSection
EndGlobal
